PODS:
  - boost (1.76.0)
  - DoubleConversion (1.1.6)
  - FBLazyVector (0.72.6)
  - fmt (6.2.1)
  - glog (0.3.5)
  - hermes-engine (0.72.6):
    - hermes-engine/Pre-built (= 0.72.6)
  - hermes-engine/Pre-built (0.72.6)
  - libevent (2.1.12)
  - NevisMobileAuthentication (3.5.0)
  - NevisMobileAuthentication-Debug (3.5.0)
  - NevisMobileAuthenticationSdkReact (3.5.1):
    - hermes-engine
    - NevisMobileAuthentication (~> 3.5.0)
    - NevisMobileAuthentication-Debug (~> 3.5.0)
    - RCT-Folly (= 2021.07.22.00)
    - RCTRequired
    - RCTTypeSafety
    - React-Codegen
    - React-Core
    - React-debug
    - React-Fabric
    - React-graphics
    - React-NativeModulesApple
    - React-RCTFabric
    - React-utils
    - ReactCommon/turbomodule/bridging
    - ReactCommon/turbomodule/core
    - Yoga
  - RCT-Folly (2021.07.22.00):
    - boost
    - DoubleConversion
    - fmt (~> 6.2.1)
    - glog
    - RCT-Folly/Default (= 2021.07.22.00)
  - RCT-Folly/Default (2021.07.22.00):
    - boost
    - DoubleConversion
    - fmt (~> 6.2.1)
    - glog
  - RCT-Folly/Fabric (2021.07.22.00):
    - boost
    - DoubleConversion
    - fmt (~> 6.2.1)
    - glog
  - RCT-Folly/Futures (2021.07.22.00):
    - boost
    - DoubleConversion
    - fmt (~> 6.2.1)
    - glog
    - libevent
  - RCTRequired (0.72.6)
  - RCTTypeSafety (0.72.6):
    - FBLazyVector (= 0.72.6)
    - RCTRequired (= 0.72.6)
    - React-Core (= 0.72.6)
  - React (0.72.6):
    - React-Core (= 0.72.6)
    - React-Core/DevSupport (= 0.72.6)
    - React-Core/RCTWebSocket (= 0.72.6)
    - React-RCTActionSheet (= 0.72.6)
    - React-RCTAnimation (= 0.72.6)
    - React-RCTBlob (= 0.72.6)
    - React-RCTImage (= 0.72.6)
    - React-RCTLinking (= 0.72.6)
    - React-RCTNetwork (= 0.72.6)
    - React-RCTSettings (= 0.72.6)
    - React-RCTText (= 0.72.6)
    - React-RCTVibration (= 0.72.6)
  - React-callinvoker (0.72.6)
  - React-Codegen (0.72.6):
    - DoubleConversion
    - glog
    - hermes-engine
    - RCT-Folly
    - RCTRequired
    - RCTTypeSafety
    - React-Core
    - React-debug
    - React-Fabric
    - React-graphics
    - React-jsi
    - React-jsiexecutor
    - React-NativeModulesApple
    - React-utils
    - ReactCommon/turbomodule/bridging
    - ReactCommon/turbomodule/core
  - React-Core (0.72.6):
    - glog
    - hermes-engine
    - RCT-Folly (= 2021.07.22.00)
    - React-Core/Default (= 0.72.6)
    - React-cxxreact
    - React-hermes
    - React-jsi
    - React-jsiexecutor
    - React-perflogger
    - React-runtimeexecutor
    - React-utils
    - SocketRocket (= 0.6.1)
    - Yoga
  - React-Core/CoreModulesHeaders (0.72.6):
    - glog
    - hermes-engine
    - RCT-Folly (= 2021.07.22.00)
    - React-Core/Default
    - React-cxxreact
    - React-hermes
    - React-jsi
    - React-jsiexecutor
    - React-perflogger
    - React-runtimeexecutor
    - React-utils
    - SocketRocket (= 0.6.1)
    - Yoga
  - React-Core/Default (0.72.6):
    - glog
    - hermes-engine
    - RCT-Folly (= 2021.07.22.00)
    - React-cxxreact
    - React-hermes
    - React-jsi
    - React-jsiexecutor
    - React-perflogger
    - React-runtimeexecutor
    - React-utils
    - SocketRocket (= 0.6.1)
    - Yoga
  - React-Core/DevSupport (0.72.6):
    - glog
    - hermes-engine
    - RCT-Folly (= 2021.07.22.00)
    - React-Core/Default (= 0.72.6)
    - React-Core/RCTWebSocket (= 0.72.6)
    - React-cxxreact
    - React-hermes
    - React-jsi
    - React-jsiexecutor
    - React-jsinspector (= 0.72.6)
    - React-perflogger
    - React-runtimeexecutor
    - React-utils
    - SocketRocket (= 0.6.1)
    - Yoga
  - React-Core/RCTActionSheetHeaders (0.72.6):
    - glog
    - hermes-engine
    - RCT-Folly (= 2021.07.22.00)
    - React-Core/Default
    - React-cxxreact
    - React-hermes
    - React-jsi
    - React-jsiexecutor
    - React-perflogger
    - React-runtimeexecutor
    - React-utils
    - SocketRocket (= 0.6.1)
    - Yoga
  - React-Core/RCTAnimationHeaders (0.72.6):
    - glog
    - hermes-engine
    - RCT-Folly (= 2021.07.22.00)
    - React-Core/Default
    - React-cxxreact
    - React-hermes
    - React-jsi
    - React-jsiexecutor
    - React-perflogger
    - React-runtimeexecutor
    - React-utils
    - SocketRocket (= 0.6.1)
    - Yoga
  - React-Core/RCTBlobHeaders (0.72.6):
    - glog
    - hermes-engine
    - RCT-Folly (= 2021.07.22.00)
    - React-Core/Default
    - React-cxxreact
    - React-hermes
    - React-jsi
    - React-jsiexecutor
    - React-perflogger
    - React-runtimeexecutor
    - React-utils
    - SocketRocket (= 0.6.1)
    - Yoga
  - React-Core/RCTImageHeaders (0.72.6):
    - glog
    - hermes-engine
    - RCT-Folly (= 2021.07.22.00)
    - React-Core/Default
    - React-cxxreact
    - React-hermes
    - React-jsi
    - React-jsiexecutor
    - React-perflogger
    - React-runtimeexecutor
    - React-utils
    - SocketRocket (= 0.6.1)
    - Yoga
  - React-Core/RCTLinkingHeaders (0.72.6):
    - glog
    - hermes-engine
    - RCT-Folly (= 2021.07.22.00)
    - React-Core/Default
    - React-cxxreact
    - React-hermes
    - React-jsi
    - React-jsiexecutor
    - React-perflogger
    - React-runtimeexecutor
    - React-utils
    - SocketRocket (= 0.6.1)
    - Yoga
  - React-Core/RCTNetworkHeaders (0.72.6):
    - glog
    - hermes-engine
    - RCT-Folly (= 2021.07.22.00)
    - React-Core/Default
    - React-cxxreact
    - React-hermes
    - React-jsi
    - React-jsiexecutor
    - React-perflogger
    - React-runtimeexecutor
    - React-utils
    - SocketRocket (= 0.6.1)
    - Yoga
  - React-Core/RCTSettingsHeaders (0.72.6):
    - glog
    - hermes-engine
    - RCT-Folly (= 2021.07.22.00)
    - React-Core/Default
    - React-cxxreact
    - React-hermes
    - React-jsi
    - React-jsiexecutor
    - React-perflogger
    - React-runtimeexecutor
    - React-utils
    - SocketRocket (= 0.6.1)
    - Yoga
  - React-Core/RCTTextHeaders (0.72.6):
    - glog
    - hermes-engine
    - RCT-Folly (= 2021.07.22.00)
    - React-Core/Default
    - React-cxxreact
    - React-hermes
    - React-jsi
    - React-jsiexecutor
    - React-perflogger
    - React-runtimeexecutor
    - React-utils
    - SocketRocket (= 0.6.1)
    - Yoga
  - React-Core/RCTVibrationHeaders (0.72.6):
    - glog
    - hermes-engine
    - RCT-Folly (= 2021.07.22.00)
    - React-Core/Default
    - React-cxxreact
    - React-hermes
    - React-jsi
    - React-jsiexecutor
    - React-perflogger
    - React-runtimeexecutor
    - React-utils
    - SocketRocket (= 0.6.1)
    - Yoga
  - React-Core/RCTWebSocket (0.72.6):
    - glog
    - hermes-engine
    - RCT-Folly (= 2021.07.22.00)
    - React-Core/Default (= 0.72.6)
    - React-cxxreact
    - React-hermes
    - React-jsi
    - React-jsiexecutor
    - React-perflogger
    - React-runtimeexecutor
    - React-utils
    - SocketRocket (= 0.6.1)
    - Yoga
  - React-CoreModules (0.72.6):
    - RCT-Folly (= 2021.07.22.00)
    - RCTTypeSafety (= 0.72.6)
    - React-Codegen (= 0.72.6)
    - React-Core/CoreModulesHeaders (= 0.72.6)
    - React-jsi (= 0.72.6)
    - React-RCTBlob
    - React-RCTImage (= 0.72.6)
    - ReactCommon/turbomodule/core (= 0.72.6)
    - SocketRocket (= 0.6.1)
  - React-cxxreact (0.72.6):
    - boost (= 1.76.0)
    - DoubleConversion
    - glog
    - hermes-engine
    - RCT-Folly (= 2021.07.22.00)
    - React-callinvoker (= 0.72.6)
    - React-debug (= 0.72.6)
    - React-jsi (= 0.72.6)
    - React-jsinspector (= 0.72.6)
    - React-logger (= 0.72.6)
    - React-perflogger (= 0.72.6)
    - React-runtimeexecutor (= 0.72.6)
  - React-debug (0.72.6)
  - React-Fabric (0.72.6):
    - DoubleConversion
    - glog
    - hermes-engine
    - RCT-Folly/Fabric (= 2021.07.22.00)
    - RCTRequired (= 0.72.6)
    - RCTTypeSafety (= 0.72.6)
    - React-Core
    - React-debug
    - React-Fabric/animations (= 0.72.6)
    - React-Fabric/attributedstring (= 0.72.6)
    - React-Fabric/butter (= 0.72.6)
    - React-Fabric/componentregistry (= 0.72.6)
    - React-Fabric/componentregistrynative (= 0.72.6)
    - React-Fabric/components (= 0.72.6)
    - React-Fabric/config (= 0.72.6)
    - React-Fabric/core (= 0.72.6)
    - React-Fabric/debug_renderer (= 0.72.6)
    - React-Fabric/imagemanager (= 0.72.6)
    - React-Fabric/leakchecker (= 0.72.6)
    - React-Fabric/mapbuffer (= 0.72.6)
    - React-Fabric/mounting (= 0.72.6)
    - React-Fabric/scheduler (= 0.72.6)
    - React-Fabric/telemetry (= 0.72.6)
    - React-Fabric/templateprocessor (= 0.72.6)
    - React-Fabric/textlayoutmanager (= 0.72.6)
    - React-Fabric/uimanager (= 0.72.6)
    - React-graphics (= 0.72.6)
    - React-jsi (= 0.72.6)
    - React-jsiexecutor (= 0.72.6)
    - React-logger
    - React-runtimescheduler
    - React-utils
    - ReactCommon/turbomodule/core (= 0.72.6)
  - React-Fabric/animations (0.72.6):
    - DoubleConversion
    - glog
    - hermes-engine
    - RCT-Folly/Fabric (= 2021.07.22.00)
    - RCTRequired (= 0.72.6)
    - RCTTypeSafety (= 0.72.6)
    - React-Core
    - React-debug
    - React-graphics (= 0.72.6)
    - React-jsi (= 0.72.6)
    - React-jsiexecutor (= 0.72.6)
    - React-logger
    - React-runtimescheduler
    - React-utils
    - ReactCommon/turbomodule/core (= 0.72.6)
  - React-Fabric/attributedstring (0.72.6):
    - DoubleConversion
    - glog
    - hermes-engine
    - RCT-Folly/Fabric (= 2021.07.22.00)
    - RCTRequired (= 0.72.6)
    - RCTTypeSafety (= 0.72.6)
    - React-Core
    - React-debug
    - React-graphics (= 0.72.6)
    - React-jsi (= 0.72.6)
    - React-jsiexecutor (= 0.72.6)
    - React-logger
    - React-runtimescheduler
    - React-utils
    - ReactCommon/turbomodule/core (= 0.72.6)
  - React-Fabric/butter (0.72.6):
    - DoubleConversion
    - glog
    - hermes-engine
    - RCT-Folly/Fabric (= 2021.07.22.00)
    - RCTRequired (= 0.72.6)
    - RCTTypeSafety (= 0.72.6)
    - React-Core
    - React-debug
    - React-graphics (= 0.72.6)
    - React-jsi (= 0.72.6)
    - React-jsiexecutor (= 0.72.6)
    - React-logger
    - React-runtimescheduler
    - React-utils
    - ReactCommon/turbomodule/core (= 0.72.6)
  - React-Fabric/componentregistry (0.72.6):
    - DoubleConversion
    - glog
    - hermes-engine
    - RCT-Folly/Fabric (= 2021.07.22.00)
    - RCTRequired (= 0.72.6)
    - RCTTypeSafety (= 0.72.6)
    - React-Core
    - React-debug
    - React-graphics (= 0.72.6)
    - React-jsi (= 0.72.6)
    - React-jsiexecutor (= 0.72.6)
    - React-logger
    - React-runtimescheduler
    - React-utils
    - ReactCommon/turbomodule/core (= 0.72.6)
  - React-Fabric/componentregistrynative (0.72.6):
    - DoubleConversion
    - glog
    - hermes-engine
    - RCT-Folly/Fabric (= 2021.07.22.00)
    - RCTRequired (= 0.72.6)
    - RCTTypeSafety (= 0.72.6)
    - React-Core
    - React-debug
    - React-graphics (= 0.72.6)
    - React-jsi (= 0.72.6)
    - React-jsiexecutor (= 0.72.6)
    - React-logger
    - React-runtimescheduler
    - React-utils
    - ReactCommon/turbomodule/core (= 0.72.6)
  - React-Fabric/components (0.72.6):
    - DoubleConversion
    - glog
    - hermes-engine
    - RCT-Folly/Fabric (= 2021.07.22.00)
    - RCTRequired (= 0.72.6)
    - RCTTypeSafety (= 0.72.6)
    - React-Core
    - React-debug
    - React-Fabric/components/activityindicator (= 0.72.6)
    - React-Fabric/components/image (= 0.72.6)
    - React-Fabric/components/inputaccessory (= 0.72.6)
    - React-Fabric/components/legacyviewmanagerinterop (= 0.72.6)
    - React-Fabric/components/modal (= 0.72.6)
    - React-Fabric/components/rncore (= 0.72.6)
    - React-Fabric/components/root (= 0.72.6)
    - React-Fabric/components/safeareaview (= 0.72.6)
    - React-Fabric/components/scrollview (= 0.72.6)
    - React-Fabric/components/text (= 0.72.6)
    - React-Fabric/components/textinput (= 0.72.6)
    - React-Fabric/components/unimplementedview (= 0.72.6)
    - React-Fabric/components/view (= 0.72.6)
    - React-graphics (= 0.72.6)
    - React-jsi (= 0.72.6)
    - React-jsiexecutor (= 0.72.6)
    - React-logger
    - React-runtimescheduler
    - React-utils
    - ReactCommon/turbomodule/core (= 0.72.6)
  - React-Fabric/components/activityindicator (0.72.6):
    - DoubleConversion
    - glog
    - hermes-engine
    - RCT-Folly/Fabric (= 2021.07.22.00)
    - RCTRequired (= 0.72.6)
    - RCTTypeSafety (= 0.72.6)
    - React-Core
    - React-debug
    - React-graphics (= 0.72.6)
    - React-jsi (= 0.72.6)
    - React-jsiexecutor (= 0.72.6)
    - React-logger
    - React-runtimescheduler
    - React-utils
    - ReactCommon/turbomodule/core (= 0.72.6)
  - React-Fabric/components/image (0.72.6):
    - DoubleConversion
    - glog
    - hermes-engine
    - RCT-Folly/Fabric (= 2021.07.22.00)
    - RCTRequired (= 0.72.6)
    - RCTTypeSafety (= 0.72.6)
    - React-Core
    - React-debug
    - React-graphics (= 0.72.6)
    - React-jsi (= 0.72.6)
    - React-jsiexecutor (= 0.72.6)
    - React-logger
    - React-runtimescheduler
    - React-utils
    - ReactCommon/turbomodule/core (= 0.72.6)
  - React-Fabric/components/inputaccessory (0.72.6):
    - DoubleConversion
    - glog
    - hermes-engine
    - RCT-Folly/Fabric (= 2021.07.22.00)
    - RCTRequired (= 0.72.6)
    - RCTTypeSafety (= 0.72.6)
    - React-Core
    - React-debug
    - React-graphics (= 0.72.6)
    - React-jsi (= 0.72.6)
    - React-jsiexecutor (= 0.72.6)
    - React-logger
    - React-runtimescheduler
    - React-utils
    - ReactCommon/turbomodule/core (= 0.72.6)
  - React-Fabric/components/legacyviewmanagerinterop (0.72.6):
    - DoubleConversion
    - glog
    - hermes-engine
    - RCT-Folly/Fabric (= 2021.07.22.00)
    - RCTRequired (= 0.72.6)
    - RCTTypeSafety (= 0.72.6)
    - React-Core
    - React-debug
    - React-graphics (= 0.72.6)
    - React-jsi (= 0.72.6)
    - React-jsiexecutor (= 0.72.6)
    - React-logger
    - React-runtimescheduler
    - React-utils
    - ReactCommon/turbomodule/core (= 0.72.6)
  - React-Fabric/components/modal (0.72.6):
    - DoubleConversion
    - glog
    - hermes-engine
    - RCT-Folly/Fabric (= 2021.07.22.00)
    - RCTRequired (= 0.72.6)
    - RCTTypeSafety (= 0.72.6)
    - React-Core
    - React-debug
    - React-graphics (= 0.72.6)
    - React-jsi (= 0.72.6)
    - React-jsiexecutor (= 0.72.6)
    - React-logger
    - React-runtimescheduler
    - React-utils
    - ReactCommon/turbomodule/core (= 0.72.6)
  - React-Fabric/components/rncore (0.72.6):
    - DoubleConversion
    - glog
    - hermes-engine
    - RCT-Folly/Fabric (= 2021.07.22.00)
    - RCTRequired (= 0.72.6)
    - RCTTypeSafety (= 0.72.6)
    - React-Core
    - React-debug
    - React-graphics (= 0.72.6)
    - React-jsi (= 0.72.6)
    - React-jsiexecutor (= 0.72.6)
    - React-logger
    - React-runtimescheduler
    - React-utils
    - ReactCommon/turbomodule/core (= 0.72.6)
  - React-Fabric/components/root (0.72.6):
    - DoubleConversion
    - glog
    - hermes-engine
    - RCT-Folly/Fabric (= 2021.07.22.00)
    - RCTRequired (= 0.72.6)
    - RCTTypeSafety (= 0.72.6)
    - React-Core
    - React-debug
    - React-graphics (= 0.72.6)
    - React-jsi (= 0.72.6)
    - React-jsiexecutor (= 0.72.6)
    - React-logger
    - React-runtimescheduler
    - React-utils
    - ReactCommon/turbomodule/core (= 0.72.6)
  - React-Fabric/components/safeareaview (0.72.6):
    - DoubleConversion
    - glog
    - hermes-engine
    - RCT-Folly/Fabric (= 2021.07.22.00)
    - RCTRequired (= 0.72.6)
    - RCTTypeSafety (= 0.72.6)
    - React-Core
    - React-debug
    - React-graphics (= 0.72.6)
    - React-jsi (= 0.72.6)
    - React-jsiexecutor (= 0.72.6)
    - React-logger
    - React-runtimescheduler
    - React-utils
    - ReactCommon/turbomodule/core (= 0.72.6)
  - React-Fabric/components/scrollview (0.72.6):
    - DoubleConversion
    - glog
    - hermes-engine
    - RCT-Folly/Fabric (= 2021.07.22.00)
    - RCTRequired (= 0.72.6)
    - RCTTypeSafety (= 0.72.6)
    - React-Core
    - React-debug
    - React-graphics (= 0.72.6)
    - React-jsi (= 0.72.6)
    - React-jsiexecutor (= 0.72.6)
    - React-logger
    - React-runtimescheduler
    - React-utils
    - ReactCommon/turbomodule/core (= 0.72.6)
  - React-Fabric/components/text (0.72.6):
    - DoubleConversion
    - glog
    - hermes-engine
    - RCT-Folly/Fabric (= 2021.07.22.00)
    - RCTRequired (= 0.72.6)
    - RCTTypeSafety (= 0.72.6)
    - React-Core
    - React-debug
    - React-graphics (= 0.72.6)
    - React-jsi (= 0.72.6)
    - React-jsiexecutor (= 0.72.6)
    - React-logger
    - React-runtimescheduler
    - React-utils
    - ReactCommon/turbomodule/core (= 0.72.6)
  - React-Fabric/components/textinput (0.72.6):
    - DoubleConversion
    - glog
    - hermes-engine
    - RCT-Folly/Fabric (= 2021.07.22.00)
    - RCTRequired (= 0.72.6)
    - RCTTypeSafety (= 0.72.6)
    - React-Core
    - React-debug
    - React-graphics (= 0.72.6)
    - React-jsi (= 0.72.6)
    - React-jsiexecutor (= 0.72.6)
    - React-logger
    - React-runtimescheduler
    - React-utils
    - ReactCommon/turbomodule/core (= 0.72.6)
  - React-Fabric/components/unimplementedview (0.72.6):
    - DoubleConversion
    - glog
    - hermes-engine
    - RCT-Folly/Fabric (= 2021.07.22.00)
    - RCTRequired (= 0.72.6)
    - RCTTypeSafety (= 0.72.6)
    - React-Core
    - React-debug
    - React-graphics (= 0.72.6)
    - React-jsi (= 0.72.6)
    - React-jsiexecutor (= 0.72.6)
    - React-logger
    - React-runtimescheduler
    - React-utils
    - ReactCommon/turbomodule/core (= 0.72.6)
  - React-Fabric/components/view (0.72.6):
    - DoubleConversion
    - glog
    - hermes-engine
    - RCT-Folly/Fabric (= 2021.07.22.00)
    - RCTRequired (= 0.72.6)
    - RCTTypeSafety (= 0.72.6)
    - React-Core
    - React-debug
    - React-graphics (= 0.72.6)
    - React-jsi (= 0.72.6)
    - React-jsiexecutor (= 0.72.6)
    - React-logger
    - React-runtimescheduler
    - React-utils
    - ReactCommon/turbomodule/core (= 0.72.6)
    - Yoga
  - React-Fabric/config (0.72.6):
    - DoubleConversion
    - glog
    - hermes-engine
    - RCT-Folly/Fabric (= 2021.07.22.00)
    - RCTRequired (= 0.72.6)
    - RCTTypeSafety (= 0.72.6)
    - React-Core
    - React-debug
    - React-graphics (= 0.72.6)
    - React-jsi (= 0.72.6)
    - React-jsiexecutor (= 0.72.6)
    - React-logger
    - React-runtimescheduler
    - React-utils
    - ReactCommon/turbomodule/core (= 0.72.6)
  - React-Fabric/core (0.72.6):
    - DoubleConversion
    - glog
    - hermes-engine
    - RCT-Folly/Fabric (= 2021.07.22.00)
    - RCTRequired (= 0.72.6)
    - RCTTypeSafety (= 0.72.6)
    - React-Core
    - React-debug
    - React-graphics (= 0.72.6)
    - React-jsi (= 0.72.6)
    - React-jsiexecutor (= 0.72.6)
    - React-logger
    - React-runtimescheduler
    - React-utils
    - ReactCommon/turbomodule/core (= 0.72.6)
  - React-Fabric/debug_renderer (0.72.6):
    - DoubleConversion
    - glog
    - hermes-engine
    - RCT-Folly/Fabric (= 2021.07.22.00)
    - RCTRequired (= 0.72.6)
    - RCTTypeSafety (= 0.72.6)
    - React-Core
    - React-debug
    - React-graphics (= 0.72.6)
    - React-jsi (= 0.72.6)
    - React-jsiexecutor (= 0.72.6)
    - React-logger
    - React-runtimescheduler
    - React-utils
    - ReactCommon/turbomodule/core (= 0.72.6)
  - React-Fabric/imagemanager (0.72.6):
    - DoubleConversion
    - glog
    - hermes-engine
    - RCT-Folly/Fabric (= 2021.07.22.00)
    - RCTRequired (= 0.72.6)
    - RCTTypeSafety (= 0.72.6)
    - React-Core
    - React-debug
    - React-graphics (= 0.72.6)
    - React-jsi (= 0.72.6)
    - React-jsiexecutor (= 0.72.6)
    - React-logger
    - React-runtimescheduler
    - React-utils
    - ReactCommon/turbomodule/core (= 0.72.6)
  - React-Fabric/leakchecker (0.72.6):
    - DoubleConversion
    - glog
    - hermes-engine
    - RCT-Folly/Fabric (= 2021.07.22.00)
    - RCTRequired (= 0.72.6)
    - RCTTypeSafety (= 0.72.6)
    - React-Core
    - React-debug
    - React-graphics (= 0.72.6)
    - React-jsi (= 0.72.6)
    - React-jsiexecutor (= 0.72.6)
    - React-logger
    - React-runtimescheduler
    - React-utils
    - ReactCommon/turbomodule/core (= 0.72.6)
  - React-Fabric/mapbuffer (0.72.6):
    - DoubleConversion
    - glog
    - hermes-engine
    - RCT-Folly/Fabric (= 2021.07.22.00)
    - RCTRequired (= 0.72.6)
    - RCTTypeSafety (= 0.72.6)
    - React-Core
    - React-debug
    - React-graphics (= 0.72.6)
    - React-jsi (= 0.72.6)
    - React-jsiexecutor (= 0.72.6)
    - React-logger
    - React-runtimescheduler
    - React-utils
    - ReactCommon/turbomodule/core (= 0.72.6)
  - React-Fabric/mounting (0.72.6):
    - DoubleConversion
    - glog
    - hermes-engine
    - RCT-Folly/Fabric (= 2021.07.22.00)
    - RCTRequired (= 0.72.6)
    - RCTTypeSafety (= 0.72.6)
    - React-Core
    - React-debug
    - React-graphics (= 0.72.6)
    - React-jsi (= 0.72.6)
    - React-jsiexecutor (= 0.72.6)
    - React-logger
    - React-runtimescheduler
    - React-utils
    - ReactCommon/turbomodule/core (= 0.72.6)
  - React-Fabric/scheduler (0.72.6):
    - DoubleConversion
    - glog
    - hermes-engine
    - RCT-Folly/Fabric (= 2021.07.22.00)
    - RCTRequired (= 0.72.6)
    - RCTTypeSafety (= 0.72.6)
    - React-Core
    - React-debug
    - React-graphics (= 0.72.6)
    - React-jsi (= 0.72.6)
    - React-jsiexecutor (= 0.72.6)
    - React-logger
    - React-runtimescheduler
    - React-utils
    - ReactCommon/turbomodule/core (= 0.72.6)
  - React-Fabric/telemetry (0.72.6):
    - DoubleConversion
    - glog
    - hermes-engine
    - RCT-Folly/Fabric (= 2021.07.22.00)
    - RCTRequired (= 0.72.6)
    - RCTTypeSafety (= 0.72.6)
    - React-Core
    - React-debug
    - React-graphics (= 0.72.6)
    - React-jsi (= 0.72.6)
    - React-jsiexecutor (= 0.72.6)
    - React-logger
    - React-runtimescheduler
    - React-utils
    - ReactCommon/turbomodule/core (= 0.72.6)
  - React-Fabric/templateprocessor (0.72.6):
    - DoubleConversion
    - glog
    - hermes-engine
    - RCT-Folly/Fabric (= 2021.07.22.00)
    - RCTRequired (= 0.72.6)
    - RCTTypeSafety (= 0.72.6)
    - React-Core
    - React-debug
    - React-graphics (= 0.72.6)
    - React-jsi (= 0.72.6)
    - React-jsiexecutor (= 0.72.6)
    - React-logger
    - React-runtimescheduler
    - React-utils
    - ReactCommon/turbomodule/core (= 0.72.6)
  - React-Fabric/textlayoutmanager (0.72.6):
    - DoubleConversion
    - glog
    - hermes-engine
    - RCT-Folly/Fabric (= 2021.07.22.00)
    - RCTRequired (= 0.72.6)
    - RCTTypeSafety (= 0.72.6)
    - React-Core
    - React-debug
    - React-Fabric/uimanager
    - React-graphics (= 0.72.6)
    - React-jsi (= 0.72.6)
    - React-jsiexecutor (= 0.72.6)
    - React-logger
    - React-runtimescheduler
    - React-utils
    - ReactCommon/turbomodule/core (= 0.72.6)
  - React-Fabric/uimanager (0.72.6):
    - DoubleConversion
    - glog
    - hermes-engine
    - RCT-Folly/Fabric (= 2021.07.22.00)
    - RCTRequired (= 0.72.6)
    - RCTTypeSafety (= 0.72.6)
    - React-Core
    - React-debug
    - React-graphics (= 0.72.6)
    - React-jsi (= 0.72.6)
    - React-jsiexecutor (= 0.72.6)
    - React-logger
    - React-runtimescheduler
    - React-utils
    - ReactCommon/turbomodule/core (= 0.72.6)
  - React-graphics (0.72.6):
    - glog
    - RCT-Folly/Fabric (= 2021.07.22.00)
    - React-Core/Default (= 0.72.6)
  - React-hermes (0.72.6):
    - DoubleConversion
    - glog
    - hermes-engine
    - RCT-Folly (= 2021.07.22.00)
    - RCT-Folly/Futures (= 2021.07.22.00)
    - React-cxxreact (= 0.72.6)
    - React-jsi
    - React-jsiexecutor (= 0.72.6)
    - React-jsinspector (= 0.72.6)
    - React-perflogger (= 0.72.6)
  - React-ImageManager (0.72.6):
    - glog
    - RCT-Folly/Fabric
    - React-Core/Default
    - React-debug
    - React-Fabric
    - React-RCTImage
    - React-utils
  - React-jsi (0.72.6):
    - boost (= 1.76.0)
    - DoubleConversion
    - glog
    - hermes-engine
    - RCT-Folly (= 2021.07.22.00)
  - React-jsiexecutor (0.72.6):
    - DoubleConversion
    - glog
    - hermes-engine
    - RCT-Folly (= 2021.07.22.00)
    - React-cxxreact (= 0.72.6)
    - React-jsi (= 0.72.6)
    - React-perflogger (= 0.72.6)
  - React-jsinspector (0.72.6)
  - React-logger (0.72.6):
    - glog
  - react-native-safe-area-context (4.7.4):
    - hermes-engine
    - RCT-Folly (= 2021.07.22.00)
    - RCTRequired
    - RCTTypeSafety
    - React-Codegen
    - React-Core
    - React-debug
    - React-Fabric
    - React-graphics
    - react-native-safe-area-context/common (= 4.7.4)
    - react-native-safe-area-context/fabric (= 4.7.4)
    - React-NativeModulesApple
    - React-RCTFabric
    - React-utils
    - ReactCommon/turbomodule/bridging
    - ReactCommon/turbomodule/core
    - Yoga
  - react-native-safe-area-context/common (4.7.4):
    - hermes-engine
    - RCT-Folly (= 2021.07.22.00)
    - RCTRequired
    - RCTTypeSafety
    - React-Codegen
    - React-Core
    - React-debug
    - React-Fabric
    - React-graphics
    - React-NativeModulesApple
    - React-RCTFabric
    - React-utils
    - ReactCommon/turbomodule/bridging
    - ReactCommon/turbomodule/core
    - Yoga
  - react-native-safe-area-context/fabric (4.7.4):
    - hermes-engine
    - RCT-Folly (= 2021.07.22.00)
    - RCTRequired
    - RCTTypeSafety
    - React-Codegen
    - React-Core
    - React-debug
    - React-Fabric
    - React-graphics
    - react-native-safe-area-context/common
    - React-NativeModulesApple
    - React-RCTFabric
    - React-utils
    - ReactCommon/turbomodule/bridging
    - ReactCommon/turbomodule/core
    - Yoga
  - React-NativeModulesApple (0.72.6):
    - hermes-engine
    - React-callinvoker
    - React-Core
    - React-cxxreact
    - React-jsi
    - React-runtimeexecutor
    - ReactCommon/turbomodule/bridging
    - ReactCommon/turbomodule/core
  - React-perflogger (0.72.6)
  - React-RCTActionSheet (0.72.6):
    - React-Core/RCTActionSheetHeaders (= 0.72.6)
  - React-RCTAnimation (0.72.6):
    - RCT-Folly (= 2021.07.22.00)
    - RCTTypeSafety (= 0.72.6)
    - React-Codegen (= 0.72.6)
    - React-Core/RCTAnimationHeaders (= 0.72.6)
    - React-jsi (= 0.72.6)
    - ReactCommon/turbomodule/core (= 0.72.6)
  - React-RCTAppDelegate (0.72.6):
    - RCT-Folly
    - RCTRequired
    - RCTTypeSafety
    - React-Core
    - React-CoreModules
    - React-debug
    - React-graphics
    - React-hermes
    - React-NativeModulesApple
    - React-RCTFabric
    - React-RCTImage
    - React-RCTNetwork
    - React-runtimescheduler
    - React-utils
    - ReactCommon/turbomodule/core
  - React-RCTBlob (0.72.6):
    - hermes-engine
    - RCT-Folly (= 2021.07.22.00)
    - React-Codegen (= 0.72.6)
    - React-Core/RCTBlobHeaders (= 0.72.6)
    - React-Core/RCTWebSocket (= 0.72.6)
    - React-jsi (= 0.72.6)
    - React-RCTNetwork (= 0.72.6)
    - ReactCommon/turbomodule/core (= 0.72.6)
  - React-RCTFabric (0.72.6):
    - glog
    - hermes-engine
    - RCT-Folly/Fabric (= 2021.07.22.00)
    - React-Core (= 0.72.6)
    - React-Fabric (= 0.72.6)
    - React-ImageManager
    - React-RCTImage (= 0.72.6)
    - React-RCTText
    - React-runtimescheduler
    - React-utils
    - Yoga
  - React-RCTImage (0.72.6):
    - RCT-Folly (= 2021.07.22.00)
    - RCTTypeSafety (= 0.72.6)
    - React-Codegen (= 0.72.6)
    - React-Core/RCTImageHeaders (= 0.72.6)
    - React-jsi (= 0.72.6)
    - React-RCTNetwork (= 0.72.6)
    - ReactCommon/turbomodule/core (= 0.72.6)
  - React-RCTLinking (0.72.6):
    - React-Codegen (= 0.72.6)
    - React-Core/RCTLinkingHeaders (= 0.72.6)
    - React-jsi (= 0.72.6)
    - ReactCommon/turbomodule/core (= 0.72.6)
  - React-RCTNetwork (0.72.6):
    - RCT-Folly (= 2021.07.22.00)
    - RCTTypeSafety (= 0.72.6)
    - React-Codegen (= 0.72.6)
    - React-Core/RCTNetworkHeaders (= 0.72.6)
    - React-jsi (= 0.72.6)
    - ReactCommon/turbomodule/core (= 0.72.6)
  - React-RCTSettings (0.72.6):
    - RCT-Folly (= 2021.07.22.00)
    - RCTTypeSafety (= 0.72.6)
    - React-Codegen (= 0.72.6)
    - React-Core/RCTSettingsHeaders (= 0.72.6)
    - React-jsi (= 0.72.6)
    - ReactCommon/turbomodule/core (= 0.72.6)
  - React-RCTText (0.72.6):
    - React-Core/RCTTextHeaders (= 0.72.6)
  - React-RCTVibration (0.72.6):
    - RCT-Folly (= 2021.07.22.00)
    - React-Codegen (= 0.72.6)
    - React-Core/RCTVibrationHeaders (= 0.72.6)
    - React-jsi (= 0.72.6)
    - ReactCommon/turbomodule/core (= 0.72.6)
  - React-rncore (0.72.6)
  - React-runtimeexecutor (0.72.6):
    - React-jsi (= 0.72.6)
  - React-runtimescheduler (0.72.6):
    - glog
    - hermes-engine
    - RCT-Folly (= 2021.07.22.00)
    - React-callinvoker
    - React-debug
    - React-jsi
    - React-runtimeexecutor
  - React-utils (0.72.6):
    - glog
    - RCT-Folly (= 2021.07.22.00)
    - React-debug
  - ReactCommon/turbomodule/bridging (0.72.6):
    - DoubleConversion
    - glog
    - hermes-engine
    - RCT-Folly (= 2021.07.22.00)
    - React-callinvoker (= 0.72.6)
    - React-cxxreact (= 0.72.6)
    - React-jsi (= 0.72.6)
    - React-logger (= 0.72.6)
    - React-perflogger (= 0.72.6)
  - ReactCommon/turbomodule/core (0.72.6):
    - DoubleConversion
    - glog
    - hermes-engine
    - RCT-Folly (= 2021.07.22.00)
    - React-callinvoker (= 0.72.6)
    - React-cxxreact (= 0.72.6)
    - React-jsi (= 0.72.6)
    - React-logger (= 0.72.6)
    - React-perflogger (= 0.72.6)
  - RNDeviceInfo (10.11.0):
    - React-Core
  - RNPermissions (3.10.1):
    - hermes-engine
    - RCT-Folly (= 2021.07.22.00)
    - RCTRequired
    - RCTTypeSafety
    - React-Codegen
    - React-Core
    - React-debug
    - React-Fabric
    - React-graphics
    - React-NativeModulesApple
    - React-RCTFabric
    - React-utils
    - ReactCommon/turbomodule/bridging
    - ReactCommon/turbomodule/core
    - Yoga
  - RNScreens (3.27.0):
    - hermes-engine
    - RCT-Folly (= 2021.07.22.00)
    - RCTRequired
    - RCTTypeSafety
    - React-Codegen
    - React-Core
    - React-debug
    - React-Fabric
    - React-graphics
    - React-NativeModulesApple
    - React-RCTFabric
    - React-utils
    - ReactCommon/turbomodule/bridging
    - ReactCommon/turbomodule/core
    - RNScreens/common (= 3.27.0)
    - Yoga
  - RNScreens/common (3.27.0):
    - hermes-engine
    - RCT-Folly (= 2021.07.22.00)
    - RCTRequired
    - RCTTypeSafety
    - React-Codegen
    - React-Core
    - React-debug
    - React-Fabric
    - React-graphics
    - React-NativeModulesApple
    - React-RCTFabric
    - React-utils
    - ReactCommon/turbomodule/bridging
    - ReactCommon/turbomodule/core
    - Yoga
  - SocketRocket (0.6.1)
  - VisionCamera (3.6.4):
    - React
    - React-callinvoker
    - React-Core
  - Yoga (1.14.0)

DEPENDENCIES:
  - boost (from `../node_modules/react-native/third-party-podspecs/boost.podspec`)
  - DoubleConversion (from `../node_modules/react-native/third-party-podspecs/DoubleConversion.podspec`)
  - FBLazyVector (from `../node_modules/react-native/Libraries/FBLazyVector`)
  - glog (from `../node_modules/react-native/third-party-podspecs/glog.podspec`)
  - hermes-engine (from `../node_modules/react-native/sdks/hermes-engine/hermes-engine.podspec`)
  - libevent (~> 2.1.12)
  - NevisMobileAuthentication (~> 3.5.0)
  - NevisMobileAuthentication-Debug (~> 3.5.0)
  - "NevisMobileAuthenticationSdkReact (from `../node_modules/@nevis-security/nevis-mobile-authentication-sdk-react`)"
  - RCT-Folly (from `../node_modules/react-native/third-party-podspecs/RCT-Folly.podspec`)
  - RCT-Folly/Fabric (from `../node_modules/react-native/third-party-podspecs/RCT-Folly.podspec`)
  - RCTRequired (from `../node_modules/react-native/Libraries/RCTRequired`)
  - RCTTypeSafety (from `../node_modules/react-native/Libraries/TypeSafety`)
  - React (from `../node_modules/react-native/`)
  - React-callinvoker (from `../node_modules/react-native/ReactCommon/callinvoker`)
  - React-Codegen (from `build/generated/ios`)
  - React-Core (from `../node_modules/react-native/`)
  - React-Core/RCTWebSocket (from `../node_modules/react-native/`)
  - React-CoreModules (from `../node_modules/react-native/React/CoreModules`)
  - React-cxxreact (from `../node_modules/react-native/ReactCommon/cxxreact`)
  - React-debug (from `../node_modules/react-native/ReactCommon/react/debug`)
  - React-Fabric (from `../node_modules/react-native/ReactCommon`)
  - React-graphics (from `../node_modules/react-native/ReactCommon/react/renderer/graphics`)
  - React-hermes (from `../node_modules/react-native/ReactCommon/hermes`)
  - React-ImageManager (from `../node_modules/react-native/ReactCommon/react/renderer/imagemanager/platform/ios`)
  - React-jsi (from `../node_modules/react-native/ReactCommon/jsi`)
  - React-jsiexecutor (from `../node_modules/react-native/ReactCommon/jsiexecutor`)
  - React-jsinspector (from `../node_modules/react-native/ReactCommon/jsinspector`)
  - React-logger (from `../node_modules/react-native/ReactCommon/logger`)
  - react-native-safe-area-context (from `../node_modules/react-native-safe-area-context`)
  - React-NativeModulesApple (from `../node_modules/react-native/ReactCommon/react/nativemodule/core/platform/ios`)
  - React-perflogger (from `../node_modules/react-native/ReactCommon/reactperflogger`)
  - React-RCTActionSheet (from `../node_modules/react-native/Libraries/ActionSheetIOS`)
  - React-RCTAnimation (from `../node_modules/react-native/Libraries/NativeAnimation`)
  - React-RCTAppDelegate (from `../node_modules/react-native/Libraries/AppDelegate`)
  - React-RCTBlob (from `../node_modules/react-native/Libraries/Blob`)
  - React-RCTFabric (from `../node_modules/react-native/React`)
  - React-RCTImage (from `../node_modules/react-native/Libraries/Image`)
  - React-RCTLinking (from `../node_modules/react-native/Libraries/LinkingIOS`)
  - React-RCTNetwork (from `../node_modules/react-native/Libraries/Network`)
  - React-RCTSettings (from `../node_modules/react-native/Libraries/Settings`)
  - React-RCTText (from `../node_modules/react-native/Libraries/Text`)
  - React-RCTVibration (from `../node_modules/react-native/Libraries/Vibration`)
  - React-rncore (from `../node_modules/react-native/ReactCommon`)
  - React-runtimeexecutor (from `../node_modules/react-native/ReactCommon/runtimeexecutor`)
  - React-runtimescheduler (from `../node_modules/react-native/ReactCommon/react/renderer/runtimescheduler`)
  - React-utils (from `../node_modules/react-native/ReactCommon/react/utils`)
  - ReactCommon/turbomodule/core (from `../node_modules/react-native/ReactCommon`)
  - RNDeviceInfo (from `../node_modules/react-native-device-info`)
  - RNPermissions (from `../node_modules/react-native-permissions`)
  - RNScreens (from `../node_modules/react-native-screens`)
  - VisionCamera (from `../node_modules/react-native-vision-camera`)
  - Yoga (from `../node_modules/react-native/ReactCommon/yoga`)

SPEC REPOS:
  trunk:
    - fmt
    - libevent
    - NevisMobileAuthentication
    - NevisMobileAuthentication-Debug
    - SocketRocket

EXTERNAL SOURCES:
  boost:
    :podspec: "../node_modules/react-native/third-party-podspecs/boost.podspec"
  DoubleConversion:
    :podspec: "../node_modules/react-native/third-party-podspecs/DoubleConversion.podspec"
  FBLazyVector:
    :path: "../node_modules/react-native/Libraries/FBLazyVector"
  glog:
    :podspec: "../node_modules/react-native/third-party-podspecs/glog.podspec"
  hermes-engine:
    :podspec: "../node_modules/react-native/sdks/hermes-engine/hermes-engine.podspec"
    :tag: hermes-2023-08-07-RNv0.72.4-813b2def12bc9df02654b3e3653ae4a68d0572e0
  NevisMobileAuthenticationSdkReact:
    :path: "../node_modules/@nevis-security/nevis-mobile-authentication-sdk-react"
  RCT-Folly:
    :podspec: "../node_modules/react-native/third-party-podspecs/RCT-Folly.podspec"
  RCTRequired:
    :path: "../node_modules/react-native/Libraries/RCTRequired"
  RCTTypeSafety:
    :path: "../node_modules/react-native/Libraries/TypeSafety"
  React:
    :path: "../node_modules/react-native/"
  React-callinvoker:
    :path: "../node_modules/react-native/ReactCommon/callinvoker"
  React-Codegen:
    :path: build/generated/ios
  React-Core:
    :path: "../node_modules/react-native/"
  React-CoreModules:
    :path: "../node_modules/react-native/React/CoreModules"
  React-cxxreact:
    :path: "../node_modules/react-native/ReactCommon/cxxreact"
  React-debug:
    :path: "../node_modules/react-native/ReactCommon/react/debug"
  React-Fabric:
    :path: "../node_modules/react-native/ReactCommon"
  React-graphics:
    :path: "../node_modules/react-native/ReactCommon/react/renderer/graphics"
  React-hermes:
    :path: "../node_modules/react-native/ReactCommon/hermes"
  React-ImageManager:
    :path: "../node_modules/react-native/ReactCommon/react/renderer/imagemanager/platform/ios"
  React-jsi:
    :path: "../node_modules/react-native/ReactCommon/jsi"
  React-jsiexecutor:
    :path: "../node_modules/react-native/ReactCommon/jsiexecutor"
  React-jsinspector:
    :path: "../node_modules/react-native/ReactCommon/jsinspector"
  React-logger:
    :path: "../node_modules/react-native/ReactCommon/logger"
  react-native-safe-area-context:
    :path: "../node_modules/react-native-safe-area-context"
  React-NativeModulesApple:
    :path: "../node_modules/react-native/ReactCommon/react/nativemodule/core/platform/ios"
  React-perflogger:
    :path: "../node_modules/react-native/ReactCommon/reactperflogger"
  React-RCTActionSheet:
    :path: "../node_modules/react-native/Libraries/ActionSheetIOS"
  React-RCTAnimation:
    :path: "../node_modules/react-native/Libraries/NativeAnimation"
  React-RCTAppDelegate:
    :path: "../node_modules/react-native/Libraries/AppDelegate"
  React-RCTBlob:
    :path: "../node_modules/react-native/Libraries/Blob"
  React-RCTFabric:
    :path: "../node_modules/react-native/React"
  React-RCTImage:
    :path: "../node_modules/react-native/Libraries/Image"
  React-RCTLinking:
    :path: "../node_modules/react-native/Libraries/LinkingIOS"
  React-RCTNetwork:
    :path: "../node_modules/react-native/Libraries/Network"
  React-RCTSettings:
    :path: "../node_modules/react-native/Libraries/Settings"
  React-RCTText:
    :path: "../node_modules/react-native/Libraries/Text"
  React-RCTVibration:
    :path: "../node_modules/react-native/Libraries/Vibration"
  React-rncore:
    :path: "../node_modules/react-native/ReactCommon"
  React-runtimeexecutor:
    :path: "../node_modules/react-native/ReactCommon/runtimeexecutor"
  React-runtimescheduler:
    :path: "../node_modules/react-native/ReactCommon/react/renderer/runtimescheduler"
  React-utils:
    :path: "../node_modules/react-native/ReactCommon/react/utils"
  ReactCommon:
    :path: "../node_modules/react-native/ReactCommon"
  RNDeviceInfo:
    :path: "../node_modules/react-native-device-info"
  RNPermissions:
    :path: "../node_modules/react-native-permissions"
  RNScreens:
    :path: "../node_modules/react-native-screens"
  VisionCamera:
    :path: "../node_modules/react-native-vision-camera"
  Yoga:
    :path: "../node_modules/react-native/ReactCommon/yoga"

SPEC CHECKSUMS:
  boost: 57d2868c099736d80fcd648bf211b4431e51a558
  DoubleConversion: 5189b271737e1565bdce30deb4a08d647e3f5f54
  FBLazyVector: 748c0ef74f2bf4b36cfcccf37916806940a64c32
  fmt: ff9d55029c625d3757ed641535fd4a75fedc7ce9
  glog: 04b94705f318337d7ead9e6d17c019bd9b1f6b1b
  hermes-engine: 8057e75cfc1437b178ac86c8654b24e7fead7f60
  libevent: 4049cae6c81cdb3654a443be001fb9bdceff7913
  NevisMobileAuthentication: dccbc5e620b03030be502e8947cd5db8016ad794
  NevisMobileAuthentication-Debug: 05424051bbc36156253ce3a2aeb041b8dfbc4bd9
  NevisMobileAuthenticationSdkReact: 8241170f7c7454fd2b9ef7efb5f64805b3901437
  RCT-Folly: 424b8c9a7a0b9ab2886ffe9c3b041ef628fd4fb1
  RCTRequired: 28469809442eb4eb5528462705f7d852948c8a74
  RCTTypeSafety: e9c6c409fca2cc584e5b086862d562540cb38d29
  React: 769f469909b18edfe934f0539fffb319c4c61043
  React-callinvoker: e48ce12c83706401251921896576710d81e54763
  React-Codegen: 35bb24f0e2ef69ea7e79cf5dc9e595d0171e8cf3
  React-Core: 56221b0ea21a0934aa1fbc4aef924e9007d60f26
  React-CoreModules: 9748a6fe4404323a3280ad3c5311d28d6f4f813b
  React-cxxreact: 44a3560510ead6633b6e02f9fbbdd1772fb40f92
  React-debug: 0a068b2ff5e6d2575d64303b37b554573d758e76
  React-Fabric: 7964431b308c13fd4e52f0718d9a1356ad348379
  React-graphics: d63dc23f5684ec13e3af01f2088bab22fcabecae
  React-hermes: 46e66dc854124d7645c20bfec0a6be9542826ecd
  React-ImageManager: e0c761fad3a613251c2f50fc3687b5760db25e6f
  React-jsi: fbdaf4166bae60524b591b18c851b530c8cdb90c
  React-jsiexecutor: 3bf18ff7cb03cd8dfdce08fbbc0d15058c1d71ae
  React-jsinspector: 194e32c6aab382d88713ad3dd0025c5f5c4ee072
  React-logger: cebf22b6cf43434e471dc561e5911b40ac01d289
  react-native-safe-area-context: ac74fd7258d80b595b97e288b991f206190e0f35
  React-NativeModulesApple: 1802a680a4cd891d2ab97780771bcb2ff11fdc0b
  React-perflogger: e3596db7e753f51766bceadc061936ef1472edc3
  React-RCTActionSheet: 17ab132c748b4471012abbcdcf5befe860660485
  React-RCTAnimation: 3fe720d2c172de51de8dc19ba091c559d22ebd9b
  React-RCTAppDelegate: c4e5b513fdcaf3dc017ee8a98a116d3dcd54c0c7
  React-RCTBlob: fd752f54ae335c93a36650be8129b352b852185f
  React-RCTFabric: 36163120563ae0dd36321d6ecacf1cef967c975d
  React-RCTImage: a99cc31f93f72fe17d0448fd45d7a812fd50388e
  React-RCTLinking: c56c6c36b85cebf1f4fa61a3493c9f01551afaab
  React-RCTNetwork: 01167794715ec8ae4854caca36d4009b5e257257
  React-RCTSettings: 52790fef45f5a0655cad22ab9b9a87e675d84d8c
  React-RCTText: adde32164a243103aaba0b1dc7b0a2599733873e
  React-RCTVibration: 1c047e1d9b21992f91c21f221f360640a4a288ec
  React-rncore: 12edc86fc7217edc6d7e005ed25c9a547a583c0c
  React-runtimeexecutor: 57d85d942862b08f6d15441a0badff2542fd233c
  React-runtimescheduler: 76eb364c37e6c20845cfe0cb049f883021bdfccf
  React-utils: 1dc03e6e55f56388b6fdde3768a66c885bacb627
  ReactCommon: cfe086d2e2ec9f2907c66666c856082608fba822
  RNDeviceInfo: bf8a32acbcb875f568217285d1793b0e8588c974
  RNPermissions: 195e12267899b5f5e8053f38e7ce2ca1b85ddc96
  RNScreens: 16746f018e3db76f82649746673489d6db28649e
  SocketRocket: f32cd54efbe0f095c4d7594881e52619cfe80b17
  VisionCamera: 1910a51e4c6f6b049650086d343090f267b4c260
  Yoga: b76f1acfda8212aa16b7e26bcce3983230c82603

PODFILE CHECKSUM: c8ed3c54ecd3aebb7a1d842c50aab8d0cd9dec40

COCOAPODS: 1.14.2
